{
  "name": "RNSpriteSheetDemo",
  "version": "0.0.1",
  "lockfileVersion": 1,
  "requires": true,
  "dependencies": {
    "rn-sprite-sheet": {
      "version": "1.0.9",
      "resolved": "https://registry.npmjs.org/rn-sprite-sheet/-/rn-sprite-sheet-1.0.9.tgz",
      "integrity": "sha512-ICwR62I2su0BZEO5vJbS0CuvCzBfa2k7cLHyezAz6EUWVo0YwWKsLEV1uBauzhQAi2S/IRB9iTjFRlejYdte7Q=="
    }
  }
}
